%{"certifi": {:hex, :certifi, "0.4.0"},
  "combine": {:hex, :combine, "0.8.0"},
  "earmark": {:hex, :earmark, "0.2.1"},
  "eredis": {:hex, :eredis, "1.0.8"},
  "ex_doc": {:hex, :ex_doc, "0.11.5"},
  "exredis": {:hex, :exredis, "0.2.4"},
  "feeder": {:hex, :feeder, "1.4.7"},
  "feeder_ex": {:hex, :feeder_ex, "0.0.2"},
  "gen_smtp": {:hex, :gen_smtp, "0.10.0"},
  "gettext": {:hex, :gettext, "0.11.0"},
  "hackney": {:hex, :hackney, "1.6.0"},
  "httpotion": {:git, "https://github.com/myfreeweb/httpotion.git", "8fbf8b783b6eca115635101d9eaff294f83e8b31", []},
  "ibrowse": {:hex, :ibrowse, "4.2.2"},
  "idna": {:hex, :idna, "1.2.0"},
  "mailman": {:hex, :mailman, "0.2.2"},
  "metrics": {:hex, :metrics, "1.0.1"},
  "mimerl": {:hex, :mimerl, "1.0.2"},
  "quantum": {:hex, :quantum, "1.7.1"},
  "slime": {:hex, :slime, "0.13.0"},
  "ssl_verify_fun": {:hex, :ssl_verify_fun, "1.1.0"},
  "timex": {:hex, :timex, "2.1.5"},
  "tzdata": {:hex, :tzdata, "0.5.7"}}
