%{"bbmustache": {:hex, :bbmustache, "1.0.4", "7ba94f971c5afd7b6617918a4bb74705e36cab36eb84b19b6a1b7ee06427aa38", [:rebar], []},
  "certifi": {:hex, :certifi, "0.4.0", "a7966efb868b179023618d29a407548f70c52466bf1849b9e8ebd0e34b7ea11f", [:rebar3], []},
  "cf": {:hex, :cf, "0.2.1", "69d0b1349fd4d7d4dc55b7f407d29d7a840bf9a1ef5af529f1ebe0ce153fc2ab", [:rebar3], []},
  "combine": {:hex, :combine, "0.8.0", "390fe5f632a8c890d378abc697ca7c4c52cd3e38bb232a5cad1677cd4af013df", [:mix], []},
  "earmark": {:hex, :earmark, "0.2.1", "ba6d26ceb16106d069b289df66751734802777a3cbb6787026dd800ffeb850f3", [:mix], []},
  "eiconv": {:git, "https://github.com/zotonic/eiconv.git", "644fb5e7bd6640fbd073f4d28957914ea979aea0", []},
  "eredis": {:hex, :eredis, "1.0.8", "ab4fda1c4ba7fbe6c19c26c249dc13da916d762502c4b4fa2df401a8d51c5364", [:rebar], []},
  "erlware_commons": {:git, "https://github.com/erlware/erlware_commons.git", "8974edb6a6224893ee83f4cff79c5fbc4cb7c495", []},
  "ex_doc": {:hex, :ex_doc, "0.11.5", "0dc51cb84f8312162a2313d6c71573a9afa332333d8a332bb12540861b9834db", [:mix], [{:earmark, "~> 0.1.17 or ~> 0.2", [hex: :earmark, optional: true]}]},
  "exredis": {:hex, :exredis, "0.2.4", "07f4ea69b5cf1912d62cea4599687fedb3efe19cced8ddf087ef63dd17447518", [:mix], [{:eredis, ">= 1.0.8", [hex: :eredis, optional: false]}]},
  "exrm": {:hex, :exrm, "1.0.5", "53ecb20da2f4e5b4c82ea6776824fbc677c8d287bf20efc9fc29cacc2cca124f", [:mix], [{:relx, "~> 3.5", [hex: :relx, optional: false]}]},
  "feeder": {:hex, :feeder, "1.4.7", "e2bd91cbd1fcec12e92f22b444539d8d857b14ade6c311b9431fffa1fe587dd9", [:make], []},
  "feeder_ex": {:git, "https://github.com/Awea/feeder_ex.git", "6844dc905105da91ab7f3b73067a2f2fb6a06ffc", []},
  "gen_smtp": {:hex, :gen_smtp, "0.10.0", "afa5097e16c5c2ba133912811dcc70aa48545ef616905e4f6e5b55087055da7c", [:rebar3], []},
  "getopt": {:hex, :getopt, "0.8.2", "b17556db683000ba50370b16c0619df1337e7af7ecbf7d64fbf8d1d6bce3109b", [:rebar], []},
  "gettext": {:hex, :gettext, "0.11.0", "80c1dd42d270482418fa158ec5ba073d2980e3718bacad86f3d4ad71d5667679", [:mix], []},
  "hackney": {:hex, :hackney, "1.6.0", "8d1e9440c9edf23bf5e5e2fe0c71de03eb265103b72901337394c840eec679ac", [:rebar3], [{:ssl_verify_fun, "1.1.0", [hex: :ssl_verify_fun, optional: false]}, {:mimerl, "1.0.2", [hex: :mimerl, optional: false]}, {:metrics, "1.0.1", [hex: :metrics, optional: false]}, {:idna, "1.2.0", [hex: :idna, optional: false]}, {:certifi, "0.4.0", [hex: :certifi, optional: false]}]},
  "httpotion": {:git, "https://github.com/myfreeweb/httpotion.git", "8fbf8b783b6eca115635101d9eaff294f83e8b31", []},
  "ibrowse": {:hex, :ibrowse, "4.2.2", "b32b5bafcc77b7277eff030ed32e1acc3f610c64e9f6aea19822abcadf681b4b", [:rebar3], []},
  "idna": {:hex, :idna, "1.2.0", "ac62ee99da068f43c50dc69acf700e03a62a348360126260e87f2b54eced86b2", [:rebar3], []},
  "mailman": {:hex, :mailman, "0.2.2", "3cb1aa552405bc38d48f2c68f79e3492cb72b3bc3e6a1cf283d02e5964703a95", [:mix], [{:gen_smtp, ">= 0.9.0", [hex: :gen_smtp, optional: false]}, {:ex_doc, ">= 0.6.0", [hex: :ex_doc, optional: false]}, {:earmark, ">= 0.0.0", [hex: :earmark, optional: false]}]},
  "metrics": {:hex, :metrics, "1.0.1", "25f094dea2cda98213cecc3aeff09e940299d950904393b2a29d191c346a8486", [:rebar3], []},
  "mimerl": {:hex, :mimerl, "1.0.2", "993f9b0e084083405ed8252b99460c4f0563e41729ab42d9074fd5e52439be88", [:rebar3], []},
  "providers": {:hex, :providers, "1.6.0", "db0e2f9043ae60c0155205fcd238d68516331d0e5146155e33d1e79dc452964a", [:rebar3], [{:getopt, "0.8.2", [hex: :getopt, optional: false]}]},
  "quantum": {:hex, :quantum, "1.7.1", "c8952d62055c953f7ff0ccd3ff8c7a8a3ae8ca4c110f4f2054bbae62e5c810c5", [:mix], [{:timex, "~> 2.1.1", [hex: :timex, optional: false]}]},
  "relx": {:hex, :relx, "3.19.0", "286dd5244b4786f56aac75d5c8e2d1fb4cfd306810d4ec8548f3ae1b3aadb8f7", [:rebar3], [{:providers, "1.6.0", [hex: :providers, optional: false]}, {:getopt, "0.8.2", [hex: :getopt, optional: false]}, {:erlware_commons, "0.19.0", [hex: :erlware_commons, optional: false]}, {:cf, "0.2.1", [hex: :cf, optional: false]}, {:bbmustache, "1.0.4", [hex: :bbmustache, optional: false]}]},
  "slime": {:hex, :slime, "0.13.0", "fb9b1296b5ef3fe6aed09deec2794a146c94f5270b3bcd9f956c01d3660fc196", [:mix], []},
  "ssl_verify_fun": {:hex, :ssl_verify_fun, "1.1.0", "edee20847c42e379bf91261db474ffbe373f8acb56e9079acb6038d4e0bf414f", [:rebar, :make], []},
  "termcap": {:hex, :termcap, "0.1.0", "45977f01b28e8c8d56e270e5233634515eaacef9aa701afa9adb3bf5c2793990", [:rebar3], []},
  "timex": {:hex, :timex, "2.1.5", "d4afd4e5114de99ac3093bbdba3a692ff6d9408c9e0075985a568c323c39f6c5", [:mix], [{:tzdata, "~> 0.1.8 or ~> 0.5", [hex: :tzdata, optional: false]}, {:gettext, "~> 0.10", [hex: :gettext, optional: false]}, {:combine, "~> 0.7", [hex: :combine, optional: false]}]},
  "tzdata": {:hex, :tzdata, "0.5.7", "10a4176023c2b294f1bbb98594a646ef25d658ca507b2da20a5952072d6080c4", [:mix], [{:hackney, "~> 1.0", [hex: :hackney, optional: false]}]}}
